TOOLKIT_VERSION=0.8.1
TOOLKIT_SOURCE_COMMIT=c0aa24a66d591149a487e260803c56ea0ba4feb7
TOOLKIT_ARCHIVE_SHA256=0bde7c70b078538ab7a9029d5601027a26e71877f46193397f391a6e95f3432a
BUNDLE_FORMAT_VERSION=1
TOOLKIT_HELPER_API_VERSION=1
HOST_CONFIG_SCHEMA_VERSION=1
STATUS_SCHEMA_VERSION=1
IMAGE_PROTECTION_SCHEMA_VERSION=1
BACKUP_RECOVERY_REFERENCE_SCHEMA_VERSION=1
DEVELOPMENT_RELEASE_MANIFEST_SCHEMA_VERSION=1
SUPPORTED_OS=ubuntu-26.04
SUPPORTED_ARCHITECTURES=amd64
DOCKER_ENGINE_RANGE=not-applicable
DOCKER_COMPOSE_RANGE=not-applicable
PROXY_BUNDLE_VERSION=not-included
PLUGIN_PINS=none
IMAGE_PINS=none
