TOOLKIT_VERSION=0.7.0
TOOLKIT_SOURCE_COMMIT=57b9ba7244e9d518f9c7c8769e2ed1bc85653cf1
TOOLKIT_ARCHIVE_SHA256=d4feb89fb1d1c6b2e128690039251bdc0bcc3721e9ee908bdf93952d3924672d
BUNDLE_FORMAT_VERSION=1
TOOLKIT_HELPER_API_VERSION=1
HOST_CONFIG_SCHEMA_VERSION=1
STATUS_SCHEMA_VERSION=1
IMAGE_PROTECTION_SCHEMA_VERSION=1
BACKUP_RECOVERY_REFERENCE_SCHEMA_VERSION=1
DEVELOPMENT_RELEASE_MANIFEST_SCHEMA_VERSION=1
SUPPORTED_OS=ubuntu-26.04
SUPPORTED_ARCHITECTURES=amd64
DOCKER_ENGINE_RANGE=not-applicable
DOCKER_COMPOSE_RANGE=not-applicable
PROXY_BUNDLE_VERSION=not-included
PLUGIN_PINS=none
IMAGE_PINS=none
