TOOLKIT_VERSION=0.6.1
TOOLKIT_SOURCE_COMMIT=71a119ef1fc3161f0a247c15d3e7a0da6100550d
TOOLKIT_ARCHIVE_SHA256=77546497d3a077de9af1b622d2b3ed1d54eb8dc0d6cf410ff4881cbf7efe89e9
BUNDLE_FORMAT_VERSION=1
TOOLKIT_HELPER_API_VERSION=1
HOST_CONFIG_SCHEMA_VERSION=1
STATUS_SCHEMA_VERSION=1
IMAGE_PROTECTION_SCHEMA_VERSION=1
BACKUP_RECOVERY_REFERENCE_SCHEMA_VERSION=1
DEVELOPMENT_RELEASE_MANIFEST_SCHEMA_VERSION=1
SUPPORTED_OS=ubuntu-26.04
SUPPORTED_ARCHITECTURES=amd64
DOCKER_ENGINE_RANGE=not-applicable
DOCKER_COMPOSE_RANGE=not-applicable
PROXY_BUNDLE_VERSION=not-included
PLUGIN_PINS=none
IMAGE_PINS=none
